// !$*UTF8*$!
{
	archiveVersion = 1;
	classes = {
	};
	objectVersion = 55;
	objects = {

/* Begin PBXBuildFile section */
		21070C522762A141008CE7AF /* AppDelegate.swift in Sources */ = {isa = PBXBuildFile; fileRef = 21070C512762A141008CE7AF /* AppDelegate.swift */; };
		21070C542762A141008CE7AF /* SceneDelegate.swift in Sources */ = {isa = PBXBuildFile; fileRef = 21070C532762A141008CE7AF /* SceneDelegate.swift */; };
		21070C562762A141008CE7AF /* HomeViewController.swift in Sources */ = {isa = PBXBuildFile; fileRef = 21070C552762A141008CE7AF /* HomeViewController.swift */; };
		21070C5B2762A144008CE7AF /* Assets.xcassets in Resources */ = {isa = PBXBuildFile; fileRef = 21070C5A2762A144008CE7AF /* Assets.xcassets */; };
		21070C5E2762A144008CE7AF /* LaunchScreen.storyboard in Resources */ = {isa = PBXBuildFile; fileRef = 21070C5C2762A144008CE7AF /* LaunchScreen.storyboard */; };
		21070C672762C16A008CE7AF /* StoreKit.framework in Frameworks */ = {isa = PBXBuildFile; fileRef = 21070C662762C16A008CE7AF /* StoreKit.framework */; };
		21070C6E2762FCC2008CE7AF /* ProfileViewController.swift in Sources */ = {isa = PBXBuildFile; fileRef = 21070C6D2762FCC2008CE7AF /* ProfileViewController.swift */; };
		21070C702762FCFB008CE7AF /* TabBarViewController.swift in Sources */ = {isa = PBXBuildFile; fileRef = 21070C6F2762FCFB008CE7AF /* TabBarViewController.swift */; };
		21070C722762FD1A008CE7AF /* SignInViewController.swift in Sources */ = {isa = PBXBuildFile; fileRef = 21070C712762FD1A008CE7AF /* SignInViewController.swift */; };
		21070C742762FD23008CE7AF /* SignUpViewController.swift in Sources */ = {isa = PBXBuildFile; fileRef = 21070C732762FD23008CE7AF /* SignUpViewController.swift */; };
		21070C762762FD34008CE7AF /* ViewPostViewController.swift in Sources */ = {isa = PBXBuildFile; fileRef = 21070C752762FD34008CE7AF /* ViewPostViewController.swift */; };
		21070C782762FD3F008CE7AF /* CreateNewPostViewController.swift in Sources */ = {isa = PBXBuildFile; fileRef = 21070C772762FD3F008CE7AF /* CreateNewPostViewController.swift */; };
		21070C7A2762FDC0008CE7AF /* IAPManager.swift in Sources */ = {isa = PBXBuildFile; fileRef = 21070C792762FDC0008CE7AF /* IAPManager.swift */; };
		21070C7C2762FDD9008CE7AF /* DatabaseManager.swift in Sources */ = {isa = PBXBuildFile; fileRef = 21070C7B2762FDD9008CE7AF /* DatabaseManager.swift */; };
		21070C7E2762FDE6008CE7AF /* AuthManager.swift in Sources */ = {isa = PBXBuildFile; fileRef = 21070C7D2762FDE6008CE7AF /* AuthManager.swift */; };
		21070C802762FDF5008CE7AF /* StorageManager.swift in Sources */ = {isa = PBXBuildFile; fileRef = 21070C7F2762FDF5008CE7AF /* StorageManager.swift */; };
		212BC0DC27643F0500B5A0A1 /* GoogleService-Info.plist in Resources */ = {isa = PBXBuildFile; fileRef = 212BC0DB27643F0500B5A0A1 /* GoogleService-Info.plist */; };
		212BC0DE2765992F00B5A0A1 /* User.swift in Sources */ = {isa = PBXBuildFile; fileRef = 212BC0DD2765992F00B5A0A1 /* User.swift */; };
		212BC0E22765994A00B5A0A1 /* BlogPost.swift in Sources */ = {isa = PBXBuildFile; fileRef = 212BC0E12765994A00B5A0A1 /* BlogPost.swift */; };
		212BC0E42765B59F00B5A0A1 /* README.md in Resources */ = {isa = PBXBuildFile; fileRef = 212BC0E32765B59F00B5A0A1 /* README.md */; };
		212BC0E72765B5F500B5A0A1 /* PayWallViewController.swift in Sources */ = {isa = PBXBuildFile; fileRef = 212BC0E62765B5F500B5A0A1 /* PayWallViewController.swift */; };
		212BC0EA2765CCAD00B5A0A1 /* PayWallHeaderView.swift in Sources */ = {isa = PBXBuildFile; fileRef = 212BC0E92765CCAD00B5A0A1 /* PayWallHeaderView.swift */; };
		212BC0EC2765CF4200B5A0A1 /* Extensions.swift in Sources */ = {isa = PBXBuildFile; fileRef = 212BC0EB2765CF4200B5A0A1 /* Extensions.swift */; };
		212BC0EE2766913E00B5A0A1 /* PayWallDescriptionView.swift in Sources */ = {isa = PBXBuildFile; fileRef = 212BC0ED2766913E00B5A0A1 /* PayWallDescriptionView.swift */; };
		212BC0F027669DD400B5A0A1 /* StoreKitTestCertificate.cer in Resources */ = {isa = PBXBuildFile; fileRef = 212BC0EF27669DD400B5A0A1 /* StoreKitTestCertificate.cer */; };
		21327DE52768472000D3214F /* SignInHeaderView.swift in Sources */ = {isa = PBXBuildFile; fileRef = 21327DE42768472000D3214F /* SignInHeaderView.swift */; };
		51F95C8B7CA1E76388B7ED0E /* Pods_MuseApp.framework in Frameworks */ = {isa = PBXBuildFile; fileRef = 519324FBFDFB56654FE1FD74 /* Pods_MuseApp.framework */; };
/* End PBXBuildFile section */

/* Begin PBXFileReference section */
		21070C4E2762A141008CE7AF /* MuseApp.app */ = {isa = PBXFileReference; explicitFileType = wrapper.application; includeInIndex = 0; path = MuseApp.app; sourceTree = BUILT_PRODUCTS_DIR; };
		21070C512762A141008CE7AF /* AppDelegate.swift */ = {isa = PBXFileReference; lastKnownFileType = sourcecode.swift; path = AppDelegate.swift; sourceTree = "<group>"; };
		21070C532762A141008CE7AF /* SceneDelegate.swift */ = {isa = PBXFileReference; lastKnownFileType = sourcecode.swift; path = SceneDelegate.swift; sourceTree = "<group>"; };
		21070C552762A141008CE7AF /* HomeViewController.swift */ = {isa = PBXFileReference; lastKnownFileType = sourcecode.swift; path = HomeViewController.swift; sourceTree = "<group>"; };
		21070C5A2762A144008CE7AF /* Assets.xcassets */ = {isa = PBXFileReference; lastKnownFileType = folder.assetcatalog; path = Assets.xcassets; sourceTree = "<group>"; };
		21070C5D2762A144008CE7AF /* Base */ = {isa = PBXFileReference; lastKnownFileType = file.storyboard; name = Base; path = Base.lproj/LaunchScreen.storyboard; sourceTree = "<group>"; };
		21070C5F2762A144008CE7AF /* Info.plist */ = {isa = PBXFileReference; lastKnownFileType = text.plist.xml; path = Info.plist; sourceTree = "<group>"; };
		21070C662762C16A008CE7AF /* StoreKit.framework */ = {isa = PBXFileReference; lastKnownFileType = wrapper.framework; name = StoreKit.framework; path = System/Library/Frameworks/StoreKit.framework; sourceTree = SDKROOT; };
		21070C6D2762FCC2008CE7AF /* ProfileViewController.swift */ = {isa = PBXFileReference; lastKnownFileType = sourcecode.swift; path = ProfileViewController.swift; sourceTree = "<group>"; };
		21070C6F2762FCFB008CE7AF /* TabBarViewController.swift */ = {isa = PBXFileReference; lastKnownFileType = sourcecode.swift; path = TabBarViewController.swift; sourceTree = "<group>"; };
		21070C712762FD1A008CE7AF /* SignInViewController.swift */ = {isa = PBXFileReference; lastKnownFileType = sourcecode.swift; path = SignInViewController.swift; sourceTree = "<group>"; };
		21070C732762FD23008CE7AF /* SignUpViewController.swift */ = {isa = PBXFileReference; lastKnownFileType = sourcecode.swift; path = SignUpViewController.swift; sourceTree = "<group>"; };
		21070C752762FD34008CE7AF /* ViewPostViewController.swift */ = {isa = PBXFileReference; lastKnownFileType = sourcecode.swift; path = ViewPostViewController.swift; sourceTree = "<group>"; };
		21070C772762FD3F008CE7AF /* CreateNewPostViewController.swift */ = {isa = PBXFileReference; lastKnownFileType = sourcecode.swift; path = CreateNewPostViewController.swift; sourceTree = "<group>"; };
		21070C792762FDC0008CE7AF /* IAPManager.swift */ = {isa = PBXFileReference; lastKnownFileType = sourcecode.swift; path = IAPManager.swift; sourceTree = "<group>"; };
		21070C7B2762FDD9008CE7AF /* DatabaseManager.swift */ = {isa = PBXFileReference; lastKnownFileType = sourcecode.swift; path = DatabaseManager.swift; sourceTree = "<group>"; };
		21070C7D2762FDE6008CE7AF /* AuthManager.swift */ = {isa = PBXFileReference; lastKnownFileType = sourcecode.swift; path = AuthManager.swift; sourceTree = "<group>"; };
		21070C7F2762FDF5008CE7AF /* StorageManager.swift */ = {isa = PBXFileReference; lastKnownFileType = sourcecode.swift; path = StorageManager.swift; sourceTree = "<group>"; };
		212BC0DB27643F0500B5A0A1 /* GoogleService-Info.plist */ = {isa = PBXFileReference; fileEncoding = 4; lastKnownFileType = text.plist.xml; path = "GoogleService-Info.plist"; sourceTree = "<group>"; };
		212BC0DD2765992F00B5A0A1 /* User.swift */ = {isa = PBXFileReference; lastKnownFileType = sourcecode.swift; path = User.swift; sourceTree = "<group>"; };
		212BC0E12765994A00B5A0A1 /* BlogPost.swift */ = {isa = PBXFileReference; lastKnownFileType = sourcecode.swift; path = BlogPost.swift; sourceTree = "<group>"; };
		212BC0E32765B59F00B5A0A1 /* README.md */ = {isa = PBXFileReference; lastKnownFileType = net.daringfireball.markdown; path = README.md; sourceTree = "<group>"; };
		212BC0E62765B5F500B5A0A1 /* PayWallViewController.swift */ = {isa = PBXFileReference; lastKnownFileType = sourcecode.swift; path = PayWallViewController.swift; sourceTree = "<group>"; };
		212BC0E82765BFBE00B5A0A1 /* Configuration.storekit */ = {isa = PBXFileReference; lastKnownFileType = text; path = Configuration.storekit; sourceTree = "<group>"; };
		212BC0E92765CCAD00B5A0A1 /* PayWallHeaderView.swift */ = {isa = PBXFileReference; lastKnownFileType = sourcecode.swift; path = PayWallHeaderView.swift; sourceTree = "<group>"; };
		212BC0EB2765CF4200B5A0A1 /* Extensions.swift */ = {isa = PBXFileReference; lastKnownFileType = sourcecode.swift; path = Extensions.swift; sourceTree = "<group>"; };
		212BC0ED2766913E00B5A0A1 /* PayWallDescriptionView.swift */ = {isa = PBXFileReference; lastKnownFileType = sourcecode.swift; path = PayWallDescriptionView.swift; sourceTree = "<group>"; };
		212BC0EF27669DD400B5A0A1 /* StoreKitTestCertificate.cer */ = {isa = PBXFileReference; lastKnownFileType = file; path = StoreKitTestCertificate.cer; sourceTree = "<group>"; };
		21327DE42768472000D3214F /* SignInHeaderView.swift */ = {isa = PBXFileReference; lastKnownFileType = sourcecode.swift; path = SignInHeaderView.swift; sourceTree = "<group>"; };
		47072854E5D8EB793CC64C35 /* Pods-MuseApp.debug.xcconfig */ = {isa = PBXFileReference; includeInIndex = 1; lastKnownFileType = text.xcconfig; name = "Pods-MuseApp.debug.xcconfig"; path = "Target Support Files/Pods-MuseApp/Pods-MuseApp.debug.xcconfig"; sourceTree = "<group>"; };
		519324FBFDFB56654FE1FD74 /* Pods_MuseApp.framework */ = {isa = PBXFileReference; explicitFileType = wrapper.framework; includeInIndex = 0; path = Pods_MuseApp.framework; sourceTree = BUILT_PRODUCTS_DIR; };
		D30E7FF58B9C50EC55AFEC55 /* Pods-MuseApp.release.xcconfig */ = {isa = PBXFileReference; includeInIndex = 1; lastKnownFileType = text.xcconfig; name = "Pods-MuseApp.release.xcconfig"; path = "Target Support Files/Pods-MuseApp/Pods-MuseApp.release.xcconfig"; sourceTree = "<group>"; };
/* End PBXFileReference section */

/* Begin PBXFrameworksBuildPhase section */
		21070C4B2762A141008CE7AF /* Frameworks */ = {
			isa = PBXFrameworksBuildPhase;
			buildActionMask = 2147483647;
			files = (
				21070C672762C16A008CE7AF /* StoreKit.framework in Frameworks */,
				51F95C8B7CA1E76388B7ED0E /* Pods_MuseApp.framework in Frameworks */,
			);
			runOnlyForDeploymentPostprocessing = 0;
		};
/* End PBXFrameworksBuildPhase section */

/* Begin PBXGroup section */
		21070C452762A141008CE7AF = {
			isa = PBXGroup;
			children = (
				212BC0E32765B59F00B5A0A1 /* README.md */,
				21070C502762A141008CE7AF /* MuseApp */,
				21070C4F2762A141008CE7AF /* Products */,
				21070C652762C16A008CE7AF /* Frameworks */,
				49B2FD9A790E21E580A27377 /* Pods */,
			);
			sourceTree = "<group>";
		};
		21070C4F2762A141008CE7AF /* Products */ = {
			isa = PBXGroup;
			children = (
				21070C4E2762A141008CE7AF /* MuseApp.app */,
			);
			name = Products;
			sourceTree = "<group>";
		};
		21070C502762A141008CE7AF /* MuseApp */ = {
			isa = PBXGroup;
			children = (
				21070C6C2762F334008CE7AF /* Managers */,
				21070C6B2762F32D008CE7AF /* Other */,
				21070C6A2762F31F008CE7AF /* Controllers */,
				21070C692762F312008CE7AF /* Views */,
				21070C682762F30A008CE7AF /* Models */,
				21070C5F2762A144008CE7AF /* Info.plist */,
			);
			path = MuseApp;
			sourceTree = "<group>";
		};
		21070C652762C16A008CE7AF /* Frameworks */ = {
			isa = PBXGroup;
			children = (
				21070C662762C16A008CE7AF /* StoreKit.framework */,
				519324FBFDFB56654FE1FD74 /* Pods_MuseApp.framework */,
			);
			name = Frameworks;
			sourceTree = "<group>";
		};
		21070C682762F30A008CE7AF /* Models */ = {
			isa = PBXGroup;
			children = (
				212BC0DD2765992F00B5A0A1 /* User.swift */,
				212BC0E12765994A00B5A0A1 /* BlogPost.swift */,
			);
			path = Models;
			sourceTree = "<group>";
		};
		21070C692762F312008CE7AF /* Views */ = {
			isa = PBXGroup;
			children = (
				21070C5C2762A144008CE7AF /* LaunchScreen.storyboard */,
				21327DE42768472000D3214F /* SignInHeaderView.swift */,
				212BC0ED2766913E00B5A0A1 /* PayWallDescriptionView.swift */,
				212BC0E92765CCAD00B5A0A1 /* PayWallHeaderView.swift */,
			);
			path = Views;
			sourceTree = "<group>";
		};
		21070C6A2762F31F008CE7AF /* Controllers */ = {
			isa = PBXGroup;
			children = (
				212BC0E52765B5D400B5A0A1 /* Other */,
				21070C81276302B2008CE7AF /* Core Tabs */,
				21070C82276302CA008CE7AF /* Auth */,
				21070C83276302D2008CE7AF /* Posts */,
			);
			path = Controllers;
			sourceTree = "<group>";
		};
		21070C6B2762F32D008CE7AF /* Other */ = {
			isa = PBXGroup;
			children = (
				21070C5A2762A144008CE7AF /* Assets.xcassets */,
				21070C512762A141008CE7AF /* AppDelegate.swift */,
				21070C532762A141008CE7AF /* SceneDelegate.swift */,
				212BC0DB27643F0500B5A0A1 /* GoogleService-Info.plist */,
				212BC0EB2765CF4200B5A0A1 /* Extensions.swift */,
			);
			path = Other;
			sourceTree = "<group>";
		};
		21070C6C2762F334008CE7AF /* Managers */ = {
			isa = PBXGroup;
			children = (
				21070C792762FDC0008CE7AF /* IAPManager.swift */,
				21070C7B2762FDD9008CE7AF /* DatabaseManager.swift */,
				21070C7D2762FDE6008CE7AF /* AuthManager.swift */,
				21070C7F2762FDF5008CE7AF /* StorageManager.swift */,
			);
			path = Managers;
			sourceTree = "<group>";
		};
		21070C81276302B2008CE7AF /* Core Tabs */ = {
			isa = PBXGroup;
			children = (
				21070C552762A141008CE7AF /* HomeViewController.swift */,
				212BC0E82765BFBE00B5A0A1 /* Configuration.storekit */,
				212BC0EF27669DD400B5A0A1 /* StoreKitTestCertificate.cer */,
				21070C6D2762FCC2008CE7AF /* ProfileViewController.swift */,
				21070C6F2762FCFB008CE7AF /* TabBarViewController.swift */,
			);
			path = "Core Tabs";
			sourceTree = "<group>";
		};
		21070C82276302CA008CE7AF /* Auth */ = {
			isa = PBXGroup;
			children = (
				21070C712762FD1A008CE7AF /* SignInViewController.swift */,
				21070C732762FD23008CE7AF /* SignUpViewController.swift */,
			);
			path = Auth;
			sourceTree = "<group>";
		};
		21070C83276302D2008CE7AF /* Posts */ = {
			isa = PBXGroup;
			children = (
				21070C752762FD34008CE7AF /* ViewPostViewController.swift */,
				21070C772762FD3F008CE7AF /* CreateNewPostViewController.swift */,
			);
			path = Posts;
			sourceTree = "<group>";
		};
		212BC0E52765B5D400B5A0A1 /* Other */ = {
			isa = PBXGroup;
			children = (
				212BC0E62765B5F500B5A0A1 /* PayWallViewController.swift */,
			);
			path = Other;
			sourceTree = "<group>";
		};
		49B2FD9A790E21E580A27377 /* Pods */ = {
			isa = PBXGroup;
			children = (
				47072854E5D8EB793CC64C35 /* Pods-MuseApp.debug.xcconfig */,
				D30E7FF58B9C50EC55AFEC55 /* Pods-MuseApp.release.xcconfig */,
			);
			path = Pods;
			sourceTree = "<group>";
		};
/* End PBXGroup section */

/* Begin PBXNativeTarget section */
		21070C4D2762A141008CE7AF /* MuseApp */ = {
			isa = PBXNativeTarget;
			buildConfigurationList = 21070C622762A144008CE7AF /* Build configuration list for PBXNativeTarget "MuseApp" */;
			buildPhases = (
				5F2FCAC0A02043759E29A563 /* [CP] Check Pods Manifest.lock */,
				21070C4A2762A141008CE7AF /* Sources */,
				21070C4B2762A141008CE7AF /* Frameworks */,
				21070C4C2762A141008CE7AF /* Resources */,
				07B2F86C356C4745ACB0EAF1 /* [CP] Embed Pods Frameworks */,
			);
			buildRules = (
			);
			dependencies = (
			);
			name = MuseApp;
			productName = MuseApp;
			productReference = 21070C4E2762A141008CE7AF /* MuseApp.app */;
			productType = "com.apple.product-type.application";
		};
/* End PBXNativeTarget section */

/* Begin PBXProject section */
		21070C462762A141008CE7AF /* Project object */ = {
			isa = PBXProject;
			attributes = {
				BuildIndependentTargetsInParallel = 1;
				LastSwiftUpdateCheck = 1310;
				LastUpgradeCheck = 1310;
				TargetAttributes = {
					21070C4D2762A141008CE7AF = {
						CreatedOnToolsVersion = 13.1;
					};
				};
			};
			buildConfigurationList = 21070C492762A141008CE7AF /* Build configuration list for PBXProject "MuseApp" */;
			compatibilityVersion = "Xcode 13.0";
			developmentRegion = en;
			hasScannedForEncodings = 0;
			knownRegions = (
				en,
				Base,
			);
			mainGroup = 21070C452762A141008CE7AF;
			productRefGroup = 21070C4F2762A141008CE7AF /* Products */;
			projectDirPath = "";
			projectRoot = "";
			targets = (
				21070C4D2762A141008CE7AF /* MuseApp */,
			);
		};
/* End PBXProject section */

/* Begin PBXResourcesBuildPhase section */
		21070C4C2762A141008CE7AF /* Resources */ = {
			isa = PBXResourcesBuildPhase;
			buildActionMask = 2147483647;
			files = (
				212BC0F027669DD400B5A0A1 /* StoreKitTestCertificate.cer in Resources */,
				212BC0DC27643F0500B5A0A1 /* GoogleService-Info.plist in Resources */,
				21070C5E2762A144008CE7AF /* LaunchScreen.storyboard in Resources */,
				212BC0E42765B59F00B5A0A1 /* README.md in Resources */,
				21070C5B2762A144008CE7AF /* Assets.xcassets in Resources */,
			);
			runOnlyForDeploymentPostprocessing = 0;
		};
/* End PBXResourcesBuildPhase section */

/* Begin PBXShellScriptBuildPhase section */
		07B2F86C356C4745ACB0EAF1 /* [CP] Embed Pods Frameworks */ = {
			isa = PBXShellScriptBuildPhase;
			buildActionMask = 2147483647;
			files = (
			);
			inputFileListPaths = (
				"${PODS_ROOT}/Target Support Files/Pods-MuseApp/Pods-MuseApp-frameworks-${CONFIGURATION}-input-files.xcfilelist",
			);
			name = "[CP] Embed Pods Frameworks";
			outputFileListPaths = (
				"${PODS_ROOT}/Target Support Files/Pods-MuseApp/Pods-MuseApp-frameworks-${CONFIGURATION}-output-files.xcfilelist",
			);
			runOnlyForDeploymentPostprocessing = 0;
			shellPath = /bin/sh;
			shellScript = "\"${PODS_ROOT}/Target Support Files/Pods-MuseApp/Pods-MuseApp-frameworks.sh\"\n";
			showEnvVarsInLog = 0;
		};
		5F2FCAC0A02043759E29A563 /* [CP] Check Pods Manifest.lock */ = {
			isa = PBXShellScriptBuildPhase;
			buildActionMask = 2147483647;
			files = (
			);
			inputFileListPaths = (
			);
			inputPaths = (
				"${PODS_PODFILE_DIR_PATH}/Podfile.lock",
				"${PODS_ROOT}/Manifest.lock",
			);
			name = "[CP] Check Pods Manifest.lock";
			outputFileListPaths = (
			);
			outputPaths = (
				"$(DERIVED_FILE_DIR)/Pods-MuseApp-checkManifestLockResult.txt",
			);
			runOnlyForDeploymentPostprocessing = 0;
			shellPath = /bin/sh;
			shellScript = "diff \"${PODS_PODFILE_DIR_PATH}/Podfile.lock\" \"${PODS_ROOT}/Manifest.lock\" > /dev/null\nif [ $? != 0 ] ; then\n    # print error to STDERR\n    echo \"error: The sandbox is not in sync with the Podfile.lock. Run 'pod install' or update your CocoaPods installation.\" >&2\n    exit 1\nfi\n# This output is used by Xcode 'outputs' to avoid re-running this script phase.\necho \"SUCCESS\" > \"${SCRIPT_OUTPUT_FILE_0}\"\n";
			showEnvVarsInLog = 0;
		};
/* End PBXShellScriptBuildPhase section */

/* Begin PBXSourcesBuildPhase section */
		21070C4A2762A141008CE7AF /* Sources */ = {
			isa = PBXSourcesBuildPhase;
			buildActionMask = 2147483647;
			files = (
				21070C562762A141008CE7AF /* HomeViewController.swift in Sources */,
				212BC0EE2766913E00B5A0A1 /* PayWallDescriptionView.swift in Sources */,
				212BC0EC2765CF4200B5A0A1 /* Extensions.swift in Sources */,
				21070C7E2762FDE6008CE7AF /* AuthManager.swift in Sources */,
				212BC0E22765994A00B5A0A1 /* BlogPost.swift in Sources */,
				21070C742762FD23008CE7AF /* SignUpViewController.swift in Sources */,
				21070C522762A141008CE7AF /* AppDelegate.swift in Sources */,
				212BC0EA2765CCAD00B5A0A1 /* PayWallHeaderView.swift in Sources */,
				21070C722762FD1A008CE7AF /* SignInViewController.swift in Sources */,
				21327DE52768472000D3214F /* SignInHeaderView.swift in Sources */,
				21070C6E2762FCC2008CE7AF /* ProfileViewController.swift in Sources */,
				212BC0DE2765992F00B5A0A1 /* User.swift in Sources */,
				21070C782762FD3F008CE7AF /* CreateNewPostViewController.swift in Sources */,
				21070C7A2762FDC0008CE7AF /* IAPManager.swift in Sources */,
				21070C702762FCFB008CE7AF /* TabBarViewController.swift in Sources */,
				21070C542762A141008CE7AF /* SceneDelegate.swift in Sources */,
				21070C762762FD34008CE7AF /* ViewPostViewController.swift in Sources */,
				21070C7C2762FDD9008CE7AF /* DatabaseManager.swift in Sources */,
				21070C802762FDF5008CE7AF /* StorageManager.swift in Sources */,
				212BC0E72765B5F500B5A0A1 /* PayWallViewController.swift in Sources */,
			);
			runOnlyForDeploymentPostprocessing = 0;
		};
/* End PBXSourcesBuildPhase section */

/* Begin PBXVariantGroup section */
		21070C5C2762A144008CE7AF /* LaunchScreen.storyboard */ = {
			isa = PBXVariantGroup;
			children = (
				21070C5D2762A144008CE7AF /* Base */,
			);
			name = LaunchScreen.storyboard;
			sourceTree = "<group>";
		};
/* End PBXVariantGroup section */

/* Begin XCBuildConfiguration section */
		21070C602762A144008CE7AF /* Debug */ = {
			isa = XCBuildConfiguration;
			buildSettings = {
				ALWAYS_SEARCH_USER_PATHS = NO;
				CLANG_ANALYZER_NONNULL = YES;
				CLANG_ANALYZER_NUMBER_OBJECT_CONVERSION = YES_AGGRESSIVE;
				CLANG_CXX_LANGUAGE_STANDARD = "gnu++17";
				CLANG_CXX_LIBRARY = "libc++";
				CLANG_ENABLE_MODULES = YES;
				CLANG_ENABLE_OBJC_ARC = YES;
				CLANG_ENABLE_OBJC_WEAK = YES;
				CLANG_WARN_BLOCK_CAPTURE_AUTORELEASING = YES;
				CLANG_WARN_BOOL_CONVERSION = YES;
				CLANG_WARN_COMMA = YES;
				CLANG_WARN_CONSTANT_CONVERSION = YES;
				CLANG_WARN_DEPRECATED_OBJC_IMPLEMENTATIONS = YES;
				CLANG_WARN_DIRECT_OBJC_ISA_USAGE = YES_ERROR;
				CLANG_WARN_DOCUMENTATION_COMMENTS = YES;
				CLANG_WARN_EMPTY_BODY = YES;
				CLANG_WARN_ENUM_CONVERSION = YES;
				CLANG_WARN_INFINITE_RECURSION = YES;
				CLANG_WARN_INT_CONVERSION = YES;
				CLANG_WARN_NON_LITERAL_NULL_CONVERSION = YES;
				CLANG_WARN_OBJC_IMPLICIT_RETAIN_SELF = YES;
				CLANG_WARN_OBJC_LITERAL_CONVERSION = YES;
				CLANG_WARN_OBJC_ROOT_CLASS = YES_ERROR;
				CLANG_WARN_QUOTED_INCLUDE_IN_FRAMEWORK_HEADER = YES;
				CLANG_WARN_RANGE_LOOP_ANALYSIS = YES;
				CLANG_WARN_STRICT_PROTOTYPES = YES;
				CLANG_WARN_SUSPICIOUS_MOVE = YES;
				CLANG_WARN_UNGUARDED_AVAILABILITY = YES_AGGRESSIVE;
				CLANG_WARN_UNREACHABLE_CODE = YES;
				CLANG_WARN__DUPLICATE_METHOD_MATCH = YES;
				COPY_PHASE_STRIP = NO;
				DEBUG_INFORMATION_FORMAT = dwarf;
				ENABLE_STRICT_OBJC_MSGSEND = YES;
				ENABLE_TESTABILITY = YES;
				GCC_C_LANGUAGE_STANDARD = gnu11;
				GCC_DYNAMIC_NO_PIC = NO;
				GCC_NO_COMMON_BLOCKS = YES;
				GCC_OPTIMIZATION_LEVEL = 0;
				GCC_PREPROCESSOR_DEFINITIONS = (
					"DEBUG=1",
					"$(inherited)",
				);
				GCC_WARN_64_TO_32_BIT_CONVERSION = YES;
				GCC_WARN_ABOUT_RETURN_TYPE = YES_ERROR;
				GCC_WARN_UNDECLARED_SELECTOR = YES;
				GCC_WARN_UNINITIALIZED_AUTOS = YES_AGGRESSIVE;
				GCC_WARN_UNUSED_FUNCTION = YES;
				GCC_WARN_UNUSED_VARIABLE = YES;
				IPHONEOS_DEPLOYMENT_TARGET = 15.0;
				MTL_ENABLE_DEBUG_INFO = INCLUDE_SOURCE;
				MTL_FAST_MATH = YES;
				ONLY_ACTIVE_ARCH = YES;
				SDKROOT = iphoneos;
				SWIFT_ACTIVE_COMPILATION_CONDITIONS = DEBUG;
				SWIFT_OPTIMIZATION_LEVEL = "-Onone";
			};
			name = Debug;
		};
		21070C612762A144008CE7AF /* Release */ = {
			isa = XCBuildConfiguration;
			buildSettings = {
				ALWAYS_SEARCH_USER_PATHS = NO;
				CLANG_ANALYZER_NONNULL = YES;
				CLANG_ANALYZER_NUMBER_OBJECT_CONVERSION = YES_AGGRESSIVE;
				CLANG_CXX_LANGUAGE_STANDARD = "gnu++17";
				CLANG_CXX_LIBRARY = "libc++";
				CLANG_ENABLE_MODULES = YES;
				CLANG_ENABLE_OBJC_ARC = YES;
				CLANG_ENABLE_OBJC_WEAK = YES;
				CLANG_WARN_BLOCK_CAPTURE_AUTORELEASING = YES;
				CLANG_WARN_BOOL_CONVERSION = YES;
				CLANG_WARN_COMMA = YES;
				CLANG_WARN_CONSTANT_CONVERSION = YES;
				CLANG_WARN_DEPRECATED_OBJC_IMPLEMENTATIONS = YES;
				CLANG_WARN_DIRECT_OBJC_ISA_USAGE = YES_ERROR;
				CLANG_WARN_DOCUMENTATION_COMMENTS = YES;
				CLANG_WARN_EMPTY_BODY = YES;
				CLANG_WARN_ENUM_CONVERSION = YES;
				CLANG_WARN_INFINITE_RECURSION = YES;
				CLANG_WARN_INT_CONVERSION = YES;
				CLANG_WARN_NON_LITERAL_NULL_CONVERSION = YES;
				CLANG_WARN_OBJC_IMPLICIT_RETAIN_SELF = YES;
				CLANG_WARN_OBJC_LITERAL_CONVERSION = YES;
				CLANG_WARN_OBJC_ROOT_CLASS = YES_ERROR;
				CLANG_WARN_QUOTED_INCLUDE_IN_FRAMEWORK_HEADER = YES;
				CLANG_WARN_RANGE_LOOP_ANALYSIS = YES;
				CLANG_WARN_STRICT_PROTOTYPES = YES;
				CLANG_WARN_SUSPICIOUS_MOVE = YES;
				CLANG_WARN_UNGUARDED_AVAILABILITY = YES_AGGRESSIVE;
				CLANG_WARN_UNREACHABLE_CODE = YES;
				CLANG_WARN__DUPLICATE_METHOD_MATCH = YES;
				COPY_PHASE_STRIP = NO;
				DEBUG_INFORMATION_FORMAT = "dwarf-with-dsym";
				ENABLE_NS_ASSERTIONS = NO;
				ENABLE_STRICT_OBJC_MSGSEND = YES;
				GCC_C_LANGUAGE_STANDARD = gnu11;
				GCC_NO_COMMON_BLOCKS = YES;
				GCC_WARN_64_TO_32_BIT_CONVERSION = YES;
				GCC_WARN_ABOUT_RETURN_TYPE = YES_ERROR;
				GCC_WARN_UNDECLARED_SELECTOR = YES;
				GCC_WARN_UNINITIALIZED_AUTOS = YES_AGGRESSIVE;
				GCC_WARN_UNUSED_FUNCTION = YES;
				GCC_WARN_UNUSED_VARIABLE = YES;
				IPHONEOS_DEPLOYMENT_TARGET = 15.0;
				MTL_ENABLE_DEBUG_INFO = NO;
				MTL_FAST_MATH = YES;
				SDKROOT = iphoneos;
				SWIFT_COMPILATION_MODE = wholemodule;
				SWIFT_OPTIMIZATION_LEVEL = "-O";
				VALIDATE_PRODUCT = YES;
			};
			name = Release;
		};
		21070C632762A144008CE7AF /* Debug */ = {
			isa = XCBuildConfiguration;
			baseConfigurationReference = 47072854E5D8EB793CC64C35 /* Pods-MuseApp.debug.xcconfig */;
			buildSettings = {
				ASSETCATALOG_COMPILER_APPICON_NAME = AppIcon;
				ASSETCATALOG_COMPILER_GLOBAL_ACCENT_COLOR_NAME = AccentColor;
				CODE_SIGN_STYLE = Automatic;
				CURRENT_PROJECT_VERSION = 1;
				DEVELOPMENT_TEAM = QLJ84Q3ZSY;
				GENERATE_INFOPLIST_FILE = YES;
				INFOPLIST_FILE = MuseApp/Info.plist;
				INFOPLIST_KEY_UIApplicationSupportsIndirectInputEvents = YES;
				INFOPLIST_KEY_UILaunchStoryboardName = LaunchScreen;
				INFOPLIST_KEY_UISupportedInterfaceOrientations = UIInterfaceOrientationPortrait;
				INFOPLIST_KEY_UISupportedInterfaceOrientations_iPad = "UIInterfaceOrientationPortrait UIInterfaceOrientationPortraitUpsideDown UIInterfaceOrientationLandscapeLeft UIInterfaceOrientationLandscapeRight";
				INFOPLIST_KEY_UISupportedInterfaceOrientations_iPhone = "UIInterfaceOrientationPortrait UIInterfaceOrientationLandscapeLeft UIInterfaceOrientationLandscapeRight";
				IPHONEOS_DEPLOYMENT_TARGET = 13.6;
				LD_RUNPATH_SEARCH_PATHS = (
					"$(inherited)",
					"@executable_path/Frameworks",
				);
				MARKETING_VERSION = 1.0;
				PRODUCT_BUNDLE_IDENTIFIER = com.aveldanov.MuseApp;
				PRODUCT_NAME = "$(TARGET_NAME)";
				SWIFT_EMIT_LOC_STRINGS = YES;
				SWIFT_VERSION = 5.0;
				TARGETED_DEVICE_FAMILY = 1;
			};
			name = Debug;
		};
		21070C642762A144008CE7AF /* Release */ = {
			isa = XCBuildConfiguration;
			baseConfigurationReference = D30E7FF58B9C50EC55AFEC55 /* Pods-MuseApp.release.xcconfig */;
			buildSettings = {
				ASSETCATALOG_COMPILER_APPICON_NAME = AppIcon;
				ASSETCATALOG_COMPILER_GLOBAL_ACCENT_COLOR_NAME = AccentColor;
				CODE_SIGN_STYLE = Automatic;
				CURRENT_PROJECT_VERSION = 1;
				DEVELOPMENT_TEAM = QLJ84Q3ZSY;
				GENERATE_INFOPLIST_FILE = YES;
				INFOPLIST_FILE = MuseApp/Info.plist;
				INFOPLIST_KEY_UIApplicationSupportsIndirectInputEvents = YES;
				INFOPLIST_KEY_UILaunchStoryboardName = LaunchScreen;
				INFOPLIST_KEY_UISupportedInterfaceOrientations = UIInterfaceOrientationPortrait;
				INFOPLIST_KEY_UISupportedInterfaceOrientations_iPad = "UIInterfaceOrientationPortrait UIInterfaceOrientationPortraitUpsideDown UIInterfaceOrientationLandscapeLeft UIInterfaceOrientationLandscapeRight";
				INFOPLIST_KEY_UISupportedInterfaceOrientations_iPhone = "UIInterfaceOrientationPortrait UIInterfaceOrientationLandscapeLeft UIInterfaceOrientationLandscapeRight";
				IPHONEOS_DEPLOYMENT_TARGET = 13.6;
				LD_RUNPATH_SEARCH_PATHS = (
					"$(inherited)",
					"@executable_path/Frameworks",
				);
				MARKETING_VERSION = 1.0;
				PRODUCT_BUNDLE_IDENTIFIER = com.aveldanov.MuseApp;
				PRODUCT_NAME = "$(TARGET_NAME)";
				SWIFT_EMIT_LOC_STRINGS = YES;
				SWIFT_VERSION = 5.0;
				TARGETED_DEVICE_FAMILY = 1;
			};
			name = Release;
		};
/* End XCBuildConfiguration section */

/* Begin XCConfigurationList section */
		21070C492762A141008CE7AF /* Build configuration list for PBXProject "MuseApp" */ = {
			isa = XCConfigurationList;
			buildConfigurations = (
				21070C602762A144008CE7AF /* Debug */,
				21070C612762A144008CE7AF /* Release */,
			);
			defaultConfigurationIsVisible = 0;
			defaultConfigurationName = Release;
		};
		21070C622762A144008CE7AF /* Build configuration list for PBXNativeTarget "MuseApp" */ = {
			isa = XCConfigurationList;
			buildConfigurations = (
				21070C632762A144008CE7AF /* Debug */,
				21070C642762A144008CE7AF /* Release */,
			);
			defaultConfigurationIsVisible = 0;
			defaultConfigurationName = Release;
		};
/* End XCConfigurationList section */
	};
	rootObject = 21070C462762A141008CE7AF /* Project object */;
}
